
Microsoft Visual Studio Solution File, Format Version 12.00
# Visual Studio Version 17
VisualStudioVersion = 17.6.33723.286
MinimumVisualStudioVersion = 10.0.40219.1
Project("{FAE04EC0-301F-11D3-BF4B-00C04F79EFBC}") = "Gym Mng", "Gym Mng\Gym Mng.csproj", "{AD417F8C-C238-4806-98F7-5007E940E850}"
EndProject
Global
	GlobalSection(SolutionConfigurationPlatforms) = preSolution
		Debug|Any CPU = Debug|Any CPU
		Release|Any CPU = Release|Any CPU
	EndGlobalSection
	GlobalSection(ProjectConfigurationPlatforms) = postSolution
		{AD417F8C-C238-4806-98F7-5007E940E850}.Debug|Any CPU.ActiveCfg = Debug|Any CPU
		{AD417F8C-C238-4806-98F7-5007E940E850}.Debug|Any CPU.Build.0 = Debug|Any CPU
		{AD417F8C-C238-4806-98F7-5007E940E850}.Release|Any CPU.ActiveCfg = Release|Any CPU
		{AD417F8C-C238-4806-98F7-5007E940E850}.Release|Any CPU.Build.0 = Release|Any CPU
	EndGlobalSection
	GlobalSection(SolutionProperties) = preSolution
		HideSolutionNode = FALSE
	EndGlobalSection
	GlobalSection(ExtensibilityGlobals) = postSolution
		SolutionGuid = {1D95303C-1297-4C09-B2D6-BF41DB9D3C86}
	EndGlobalSection
EndGlobal
